// !$*UTF8*$!
{
	archiveVersion = 1;
	classes = {
	};
	objectVersion = 46;
	objects = {

/* Begin PBXBuildFile section */
		3B7176AC1BC15A2C00161B4C /* Calc.swift in Sources */ = {isa = PBXBuildFile; fileRef = 3B7176AB1BC15A2C00161B4C /* Calc.swift */; };
		3BEA28BE1BC1266F001B285C /* AppDelegate.swift in Sources */ = {isa = PBXBuildFile; fileRef = 3BEA28BD1BC1266F001B285C /* AppDelegate.swift */; };
		3BEA28C01BC1266F001B285C /* Assets.xcassets in Resources */ = {isa = PBXBuildFile; fileRef = 3BEA28BF1BC1266F001B285C /* Assets.xcassets */; };
		3BEA28C31BC1266F001B285C /* MainMenu.xib in Resources */ = {isa = PBXBuildFile; fileRef = 3BEA28C11BC1266F001B285C /* MainMenu.xib */; };
/* End PBXBuildFile section */

/* Begin PBXFileReference section */
		3B7176AB1BC15A2C00161B4C /* Calc.swift */ = {isa = PBXFileReference; fileEncoding = 4; lastKnownFileType = sourcecode.swift; path = Calc.swift; sourceTree = "<group>"; };
		3B7176B11BC165DA00161B4C /* en */ = {isa = PBXFileReference; lastKnownFileType = text.plist.strings; name = en; path = en.lproj/MainMenu.strings; sourceTree = "<group>"; };
		3BE7E4A01BC56EB700FC04E8 /* de */ = {isa = PBXFileReference; lastKnownFileType = text.plist.strings; name = de; path = de.lproj/MainMenu.strings; sourceTree = "<group>"; };
		3BEA28BA1BC1266F001B285C /* DORtime.app */ = {isa = PBXFileReference; explicitFileType = wrapper.application; includeInIndex = 0; path = DORtime.app; sourceTree = BUILT_PRODUCTS_DIR; };
		3BEA28BD1BC1266F001B285C /* AppDelegate.swift */ = {isa = PBXFileReference; lastKnownFileType = sourcecode.swift; path = AppDelegate.swift; sourceTree = "<group>"; };
		3BEA28BF1BC1266F001B285C /* Assets.xcassets */ = {isa = PBXFileReference; lastKnownFileType = folder.assetcatalog; path = Assets.xcassets; sourceTree = "<group>"; };
		3BEA28C21BC1266F001B285C /* Base */ = {isa = PBXFileReference; lastKnownFileType = file.xib; name = Base; path = Base.lproj/MainMenu.xib; sourceTree = "<group>"; };
		3BEA28C41BC1266F001B285C /* Info.plist */ = {isa = PBXFileReference; lastKnownFileType = text.plist.xml; path = Info.plist; sourceTree = "<group>"; };
/* End PBXFileReference section */

/* Begin PBXFrameworksBuildPhase section */
		3BEA28B71BC1266F001B285C /* Frameworks */ = {
			isa = PBXFrameworksBuildPhase;
			buildActionMask = 2147483647;
			files = (
			);
			runOnlyForDeploymentPostprocessing = 0;
		};
/* End PBXFrameworksBuildPhase section */

/* Begin PBXGroup section */
		3BEA28B11BC1266F001B285C = {
			isa = PBXGroup;
			children = (
				3BEA28BC1BC1266F001B285C /* DORtime */,
				3BEA28BB1BC1266F001B285C /* Products */,
			);
			sourceTree = "<group>";
		};
		3BEA28BB1BC1266F001B285C /* Products */ = {
			isa = PBXGroup;
			children = (
				3BEA28BA1BC1266F001B285C /* DORtime.app */,
			);
			name = Products;
			sourceTree = "<group>";
		};
		3BEA28BC1BC1266F001B285C /* DORtime */ = {
			isa = PBXGroup;
			children = (
				3BEA28BD1BC1266F001B285C /* AppDelegate.swift */,
				3B7176AB1BC15A2C00161B4C /* Calc.swift */,
				3BEA28BF1BC1266F001B285C /* Assets.xcassets */,
				3BEA28C11BC1266F001B285C /* MainMenu.xib */,
				3BEA28C41BC1266F001B285C /* Info.plist */,
			);
			path = DORtime;
			sourceTree = "<group>";
		};
/* End PBXGroup section */

/* Begin PBXNativeTarget section */
		3BEA28B91BC1266F001B285C /* DORtime */ = {
			isa = PBXNativeTarget;
			buildConfigurationList = 3BEA28C71BC1266F001B285C /* Build configuration list for PBXNativeTarget "DORtime" */;
			buildPhases = (
				3BEA28B61BC1266F001B285C /* Sources */,
				3BEA28B71BC1266F001B285C /* Frameworks */,
				3BEA28B81BC1266F001B285C /* Resources */,
			);
			buildRules = (
			);
			dependencies = (
			);
			name = DORtime;
			productName = DORtime;
			productReference = 3BEA28BA1BC1266F001B285C /* DORtime.app */;
			productType = "com.apple.product-type.application";
		};
/* End PBXNativeTarget section */

/* Begin PBXProject section */
		3BEA28B21BC1266F001B285C /* Project object */ = {
			isa = PBXProject;
			attributes = {
				LastUpgradeCheck = 0700;
				ORGANIZATIONNAME = "Lukas Schramm";
				TargetAttributes = {
					3BEA28B91BC1266F001B285C = {
						CreatedOnToolsVersion = 7.0.1;
						DevelopmentTeam = 33J33UW323;
					};
				};
			};
			buildConfigurationList = 3BEA28B51BC1266F001B285C /* Build configuration list for PBXProject "DORtime" */;
			compatibilityVersion = "Xcode 3.2";
			developmentRegion = English;
			hasScannedForEncodings = 0;
			knownRegions = (
				en,
				Base,
			);
			mainGroup = 3BEA28B11BC1266F001B285C;
			productRefGroup = 3BEA28BB1BC1266F001B285C /* Products */;
			projectDirPath = "";
			projectRoot = "";
			targets = (
				3BEA28B91BC1266F001B285C /* DORtime */,
			);
		};
/* End PBXProject section */

/* Begin PBXResourcesBuildPhase section */
		3BEA28B81BC1266F001B285C /* Resources */ = {
			isa = PBXResourcesBuildPhase;
			buildActionMask = 2147483647;
			files = (
				3BEA28C01BC1266F001B285C /* Assets.xcassets in Resources */,
				3BEA28C31BC1266F001B285C /* MainMenu.xib in Resources */,
			);
			runOnlyForDeploymentPostprocessing = 0;
		};
/* End PBXResourcesBuildPhase section */

/* Begin PBXSourcesBuildPhase section */
		3BEA28B61BC1266F001B285C /* Sources */ = {
			isa = PBXSourcesBuildPhase;
			buildActionMask = 2147483647;
			files = (
				3B7176AC1BC15A2C00161B4C /* Calc.swift in Sources */,
				3BEA28BE1BC1266F001B285C /* AppDelegate.swift in Sources */,
			);
			runOnlyForDeploymentPostprocessing = 0;
		};
/* End PBXSourcesBuildPhase section */

/* Begin PBXVariantGroup section */
		3BEA28C11BC1266F001B285C /* MainMenu.xib */ = {
			isa = PBXVariantGroup;
			children = (
				3BEA28C21BC1266F001B285C /* Base */,
				3B7176B11BC165DA00161B4C /* en */,
				3BE7E4A01BC56EB700FC04E8 /* de */,
			);
			name = MainMenu.xib;
			sourceTree = "<group>";
		};
/* End PBXVariantGroup section */

/* Begin XCBuildConfiguration section */
		3BEA28C51BC1266F001B285C /* Debug */ = {
			isa = XCBuildConfiguration;
			buildSettings = {
				ALWAYS_SEARCH_USER_PATHS = NO;
				CLANG_CXX_LANGUAGE_STANDARD = "gnu++0x";
				CLANG_CXX_LIBRARY = "libc++";
				CLANG_ENABLE_MODULES = YES;
				CLANG_ENABLE_OBJC_ARC = YES;
				CLANG_WARN_BOOL_CONVERSION = YES;
				CLANG_WARN_CONSTANT_CONVERSION = YES;
				CLANG_WARN_DIRECT_OBJC_ISA_USAGE = YES_ERROR;
				CLANG_WARN_EMPTY_BODY = YES;
				CLANG_WARN_ENUM_CONVERSION = YES;
				CLANG_WARN_INT_CONVERSION = YES;
				CLANG_WARN_OBJC_ROOT_CLASS = YES_ERROR;
				CLANG_WARN_UNREACHABLE_CODE = YES;
				CLANG_WARN__DUPLICATE_METHOD_MATCH = YES;
				CODE_SIGN_IDENTITY = "-";
				COPY_PHASE_STRIP = NO;
				DEBUG_INFORMATION_FORMAT = dwarf;
				ENABLE_STRICT_OBJC_MSGSEND = YES;
				ENABLE_TESTABILITY = YES;
				GCC_C_LANGUAGE_STANDARD = gnu99;
				GCC_DYNAMIC_NO_PIC = NO;
				GCC_NO_COMMON_BLOCKS = YES;
				GCC_OPTIMIZATION_LEVEL = 0;
				GCC_PREPROCESSOR_DEFINITIONS = (
					"DEBUG=1",
					"$(inherited)",
				);
				GCC_WARN_64_TO_32_BIT_CONVERSION = YES;
				GCC_WARN_ABOUT_RETURN_TYPE = YES_ERROR;
				GCC_WARN_UNDECLARED_SELECTOR = YES;
				GCC_WARN_UNINITIALIZED_AUTOS = YES_AGGRESSIVE;
				GCC_WARN_UNUSED_FUNCTION = YES;
				GCC_WARN_UNUSED_VARIABLE = YES;
				MACOSX_DEPLOYMENT_TARGET = 10.11;
				MTL_ENABLE_DEBUG_INFO = YES;
				ONLY_ACTIVE_ARCH = YES;
				PROVISIONING_PROFILE = "2241a757-e060-45a9-9667-bc4882054ab5";
				SDKROOT = macosx;
				SWIFT_OPTIMIZATION_LEVEL = "-Onone";
			};
			name = Debug;
		};
		3BEA28C61BC1266F001B285C /* Release */ = {
			isa = XCBuildConfiguration;
			buildSettings = {
				ALWAYS_SEARCH_USER_PATHS = NO;
				CLANG_CXX_LANGUAGE_STANDARD = "gnu++0x";
				CLANG_CXX_LIBRARY = "libc++";
				CLANG_ENABLE_MODULES = YES;
				CLANG_ENABLE_OBJC_ARC = YES;
				CLANG_WARN_BOOL_CONVERSION = YES;
				CLANG_WARN_CONSTANT_CONVERSION = YES;
				CLANG_WARN_DIRECT_OBJC_ISA_USAGE = YES_ERROR;
				CLANG_WARN_EMPTY_BODY = YES;
				CLANG_WARN_ENUM_CONVERSION = YES;
				CLANG_WARN_INT_CONVERSION = YES;
				CLANG_WARN_OBJC_ROOT_CLASS = YES_ERROR;
				CLANG_WARN_UNREACHABLE_CODE = YES;
				CLANG_WARN__DUPLICATE_METHOD_MATCH = YES;
				CODE_SIGN_IDENTITY = "-";
				COPY_PHASE_STRIP = NO;
				DEBUG_INFORMATION_FORMAT = "dwarf-with-dsym";
				ENABLE_NS_ASSERTIONS = NO;
				ENABLE_STRICT_OBJC_MSGSEND = YES;
				GCC_C_LANGUAGE_STANDARD = gnu99;
				GCC_NO_COMMON_BLOCKS = YES;
				GCC_WARN_64_TO_32_BIT_CONVERSION = YES;
				GCC_WARN_ABOUT_RETURN_TYPE = YES_ERROR;
				GCC_WARN_UNDECLARED_SELECTOR = YES;
				GCC_WARN_UNINITIALIZED_AUTOS = YES_AGGRESSIVE;
				GCC_WARN_UNUSED_FUNCTION = YES;
				GCC_WARN_UNUSED_VARIABLE = YES;
				MACOSX_DEPLOYMENT_TARGET = 10.11;
				MTL_ENABLE_DEBUG_INFO = NO;
				PROVISIONING_PROFILE = "2241a757-e060-45a9-9667-bc4882054ab5";
				SDKROOT = macosx;
			};
			name = Release;
		};
		3BEA28C81BC1266F001B285C /* Debug */ = {
			isa = XCBuildConfiguration;
			buildSettings = {
				ASSETCATALOG_COMPILER_APPICON_NAME = AppIcon;
				CODE_SIGN_IDENTITY = "Developer ID Application";
				COMBINE_HIDPI_IMAGES = YES;
				INFOPLIST_FILE = DORtime/Info.plist;
				LD_RUNPATH_SEARCH_PATHS = "$(inherited) @executable_path/../Frameworks";
				PRODUCT_BUNDLE_IDENTIFIER = dor.cappricorn.mac.dortime;
				PRODUCT_NAME = "$(TARGET_NAME)";
				PROVISIONING_PROFILE = "2241a757-e060-45a9-9667-bc4882054ab5";
			};
			name = Debug;
		};
		3BEA28C91BC1266F001B285C /* Release */ = {
			isa = XCBuildConfiguration;
			buildSettings = {
				ASSETCATALOG_COMPILER_APPICON_NAME = AppIcon;
				CODE_SIGN_IDENTITY = "Developer ID Application";
				COMBINE_HIDPI_IMAGES = YES;
				INFOPLIST_FILE = DORtime/Info.plist;
				LD_RUNPATH_SEARCH_PATHS = "$(inherited) @executable_path/../Frameworks";
				PRODUCT_BUNDLE_IDENTIFIER = dor.cappricorn.mac.dortime;
				PRODUCT_NAME = "$(TARGET_NAME)";
				PROVISIONING_PROFILE = "2241a757-e060-45a9-9667-bc4882054ab5";
			};
			name = Release;
		};
/* End XCBuildConfiguration section */

/* Begin XCConfigurationList section */
		3BEA28B51BC1266F001B285C /* Build configuration list for PBXProject "DORtime" */ = {
			isa = XCConfigurationList;
			buildConfigurations = (
				3BEA28C51BC1266F001B285C /* Debug */,
				3BEA28C61BC1266F001B285C /* Release */,
			);
			defaultConfigurationIsVisible = 0;
			defaultConfigurationName = Release;
		};
		3BEA28C71BC1266F001B285C /* Build configuration list for PBXNativeTarget "DORtime" */ = {
			isa = XCConfigurationList;
			buildConfigurations = (
				3BEA28C81BC1266F001B285C /* Debug */,
				3BEA28C91BC1266F001B285C /* Release */,
			);
			defaultConfigurationIsVisible = 0;
			defaultConfigurationName = Release;
		};
/* End XCConfigurationList section */
	};
	rootObject = 3BEA28B21BC1266F001B285C /* Project object */;
}
